// !$*UTF8*$!
{
	archiveVersion = 1;
	classes = {
	};
	objectVersion = 50;
	objects = {

/* Begin PBXBuildFile section */
		DBBBE897230D4E5800F03FC6 /* AppDelegate.swift in Sources */ = {isa = PBXBuildFile; fileRef = DBBBE896230D4E5800F03FC6 /* AppDelegate.swift */; };
		DBBBE899230D4E5800F03FC6 /* ViewController.swift in Sources */ = {isa = PBXBuildFile; fileRef = DBBBE898230D4E5800F03FC6 /* ViewController.swift */; };
		DBBBE89C230D4E5800F03FC6 /* Main.storyboard in Resources */ = {isa = PBXBuildFile; fileRef = DBBBE89A230D4E5800F03FC6 /* Main.storyboard */; };
		DBBBE89E230D4E5A00F03FC6 /* Assets.xcassets in Resources */ = {isa = PBXBuildFile; fileRef = DBBBE89D230D4E5A00F03FC6 /* Assets.xcassets */; };
		DBBBE8A1230D4E5A00F03FC6 /* LaunchScreen.storyboard in Resources */ = {isa = PBXBuildFile; fileRef = DBBBE89F230D4E5A00F03FC6 /* LaunchScreen.storyboard */; };
		DBBBE8B1230D58C500F03FC6 /* Ti9TableViewCell.swift in Sources */ = {isa = PBXBuildFile; fileRef = DBBBE8AF230D58C500F03FC6 /* Ti9TableViewCell.swift */; };
		DBBBE8B2230D58C500F03FC6 /* Ti9TableViewCell.xib in Resources */ = {isa = PBXBuildFile; fileRef = DBBBE8B0230D58C500F03FC6 /* Ti9TableViewCell.xib */; };
		DBBBE8B4230D600E00F03FC6 /* TiVo.swift in Sources */ = {isa = PBXBuildFile; fileRef = DBBBE8B3230D600E00F03FC6 /* TiVo.swift */; };
		DBBBE8B6230E8A3700F03FC6 /* TiDetailViewController.swift in Sources */ = {isa = PBXBuildFile; fileRef = DBBBE8B5230E8A3700F03FC6 /* TiDetailViewController.swift */; };
		DBBBE8B8230E8C0500F03FC6 /* Router.swift in Sources */ = {isa = PBXBuildFile; fileRef = DBBBE8B7230E8C0500F03FC6 /* Router.swift */; };
		DBBBE8BA230E8C1B00F03FC6 /* AppConstants.swift in Sources */ = {isa = PBXBuildFile; fileRef = DBBBE8B9230E8C1B00F03FC6 /* AppConstants.swift */; };
/* End PBXBuildFile section */

/* Begin PBXFileReference section */
		DBBBE893230D4E5800F03FC6 /* TableViewAssignment.app */ = {isa = PBXFileReference; explicitFileType = wrapper.application; includeInIndex = 0; path = TableViewAssignment.app; sourceTree = BUILT_PRODUCTS_DIR; };
		DBBBE896230D4E5800F03FC6 /* AppDelegate.swift */ = {isa = PBXFileReference; lastKnownFileType = sourcecode.swift; path = AppDelegate.swift; sourceTree = "<group>"; };
		DBBBE898230D4E5800F03FC6 /* ViewController.swift */ = {isa = PBXFileReference; lastKnownFileType = sourcecode.swift; path = ViewController.swift; sourceTree = "<group>"; };
		DBBBE89B230D4E5800F03FC6 /* Base */ = {isa = PBXFileReference; lastKnownFileType = file.storyboard; name = Base; path = Base.lproj/Main.storyboard; sourceTree = "<group>"; };
		DBBBE89D230D4E5A00F03FC6 /* Assets.xcassets */ = {isa = PBXFileReference; lastKnownFileType = folder.assetcatalog; path = Assets.xcassets; sourceTree = "<group>"; };
		DBBBE8A0230D4E5A00F03FC6 /* Base */ = {isa = PBXFileReference; lastKnownFileType = file.storyboard; name = Base; path = Base.lproj/LaunchScreen.storyboard; sourceTree = "<group>"; };
		DBBBE8A2230D4E5A00F03FC6 /* Info.plist */ = {isa = PBXFileReference; lastKnownFileType = text.plist.xml; path = Info.plist; sourceTree = "<group>"; };
		DBBBE8AF230D58C500F03FC6 /* Ti9TableViewCell.swift */ = {isa = PBXFileReference; lastKnownFileType = sourcecode.swift; path = Ti9TableViewCell.swift; sourceTree = "<group>"; };
		DBBBE8B0230D58C500F03FC6 /* Ti9TableViewCell.xib */ = {isa = PBXFileReference; lastKnownFileType = file.xib; path = Ti9TableViewCell.xib; sourceTree = "<group>"; };
		DBBBE8B3230D600E00F03FC6 /* TiVo.swift */ = {isa = PBXFileReference; lastKnownFileType = sourcecode.swift; path = TiVo.swift; sourceTree = "<group>"; };
		DBBBE8B5230E8A3700F03FC6 /* TiDetailViewController.swift */ = {isa = PBXFileReference; lastKnownFileType = sourcecode.swift; path = TiDetailViewController.swift; sourceTree = "<group>"; };
		DBBBE8B7230E8C0500F03FC6 /* Router.swift */ = {isa = PBXFileReference; lastKnownFileType = sourcecode.swift; path = Router.swift; sourceTree = "<group>"; };
		DBBBE8B9230E8C1B00F03FC6 /* AppConstants.swift */ = {isa = PBXFileReference; lastKnownFileType = sourcecode.swift; path = AppConstants.swift; sourceTree = "<group>"; };
/* End PBXFileReference section */

/* Begin PBXFrameworksBuildPhase section */
		DBBBE890230D4E5800F03FC6 /* Frameworks */ = {
			isa = PBXFrameworksBuildPhase;
			buildActionMask = 2147483647;
			files = (
			);
			runOnlyForDeploymentPostprocessing = 0;
		};
/* End PBXFrameworksBuildPhase section */

/* Begin PBXGroup section */
		DBBBE88A230D4E5800F03FC6 = {
			isa = PBXGroup;
			children = (
				DBBBE895230D4E5800F03FC6 /* TableViewAssignment */,
				DBBBE894230D4E5800F03FC6 /* Products */,
			);
			sourceTree = "<group>";
		};
		DBBBE894230D4E5800F03FC6 /* Products */ = {
			isa = PBXGroup;
			children = (
				DBBBE893230D4E5800F03FC6 /* TableViewAssignment.app */,
			);
			name = Products;
			sourceTree = "<group>";
		};
		DBBBE895230D4E5800F03FC6 /* TableViewAssignment */ = {
			isa = PBXGroup;
			children = (
				DBBBE8AE230D4F7C00F03FC6 /* viewcontroller */,
				DBBBE8AC230D4F6E00F03FC6 /* data */,
				DBBBE8AB230D4F6700F03FC6 /* utils */,
				DBBBE8A8230D4EF300F03FC6 /* cells */,
				DBBBE896230D4E5800F03FC6 /* AppDelegate.swift */,
				DBBBE89A230D4E5800F03FC6 /* Main.storyboard */,
				DBBBE89D230D4E5A00F03FC6 /* Assets.xcassets */,
				DBBBE89F230D4E5A00F03FC6 /* LaunchScreen.storyboard */,
				DBBBE8A2230D4E5A00F03FC6 /* Info.plist */,
			);
			path = TableViewAssignment;
			sourceTree = "<group>";
		};
		DBBBE8A8230D4EF300F03FC6 /* cells */ = {
			isa = PBXGroup;
			children = (
				DBBBE8AA230D4F0900F03FC6 /* xibs */,
				DBBBE8A9230D4F0100F03FC6 /* swifts */,
			);
			path = cells;
			sourceTree = "<group>";
		};
		DBBBE8A9230D4F0100F03FC6 /* swifts */ = {
			isa = PBXGroup;
			children = (
				DBBBE8AF230D58C500F03FC6 /* Ti9TableViewCell.swift */,
			);
			path = swifts;
			sourceTree = "<group>";
		};
		DBBBE8AA230D4F0900F03FC6 /* xibs */ = {
			isa = PBXGroup;
			children = (
				DBBBE8B0230D58C500F03FC6 /* Ti9TableViewCell.xib */,
			);
			path = xibs;
			sourceTree = "<group>";
		};
		DBBBE8AB230D4F6700F03FC6 /* utils */ = {
			isa = PBXGroup;
			children = (
				DBBBE8B7230E8C0500F03FC6 /* Router.swift */,
				DBBBE8B9230E8C1B00F03FC6 /* AppConstants.swift */,
			);
			path = utils;
			sourceTree = "<group>";
		};
		DBBBE8AC230D4F6E00F03FC6 /* data */ = {
			isa = PBXGroup;
			children = (
				DBBBE8AD230D4F7200F03FC6 /* vos */,
			);
			path = data;
			sourceTree = "<group>";
		};
		DBBBE8AD230D4F7200F03FC6 /* vos */ = {
			isa = PBXGroup;
			children = (
				DBBBE8B3230D600E00F03FC6 /* TiVo.swift */,
			);
			path = vos;
			sourceTree = "<group>";
		};
		DBBBE8AE230D4F7C00F03FC6 /* viewcontroller */ = {
			isa = PBXGroup;
			children = (
				DBBBE898230D4E5800F03FC6 /* ViewController.swift */,
				DBBBE8B5230E8A3700F03FC6 /* TiDetailViewController.swift */,
			);
			path = viewcontroller;
			sourceTree = "<group>";
		};
/* End PBXGroup section */

/* Begin PBXNativeTarget section */
		DBBBE892230D4E5800F03FC6 /* TableViewAssignment */ = {
			isa = PBXNativeTarget;
			buildConfigurationList = DBBBE8A5230D4E5A00F03FC6 /* Build configuration list for PBXNativeTarget "TableViewAssignment" */;
			buildPhases = (
				DBBBE88F230D4E5800F03FC6 /* Sources */,
				DBBBE890230D4E5800F03FC6 /* Frameworks */,
				DBBBE891230D4E5800F03FC6 /* Resources */,
			);
			buildRules = (
			);
			dependencies = (
			);
			name = TableViewAssignment;
			productName = TableViewAssignment;
			productReference = DBBBE893230D4E5800F03FC6 /* TableViewAssignment.app */;
			productType = "com.apple.product-type.application";
		};
/* End PBXNativeTarget section */

/* Begin PBXProject section */
		DBBBE88B230D4E5800F03FC6 /* Project object */ = {
			isa = PBXProject;
			attributes = {
				LastSwiftUpdateCheck = 1030;
				LastUpgradeCheck = 1030;
				ORGANIZATIONNAME = tunlukhant;
				TargetAttributes = {
					DBBBE892230D4E5800F03FC6 = {
						CreatedOnToolsVersion = 10.3;
					};
				};
			};
			buildConfigurationList = DBBBE88E230D4E5800F03FC6 /* Build configuration list for PBXProject "TableViewAssignment" */;
			compatibilityVersion = "Xcode 9.3";
			developmentRegion = en;
			hasScannedForEncodings = 0;
			knownRegions = (
				en,
				Base,
			);
			mainGroup = DBBBE88A230D4E5800F03FC6;
			productRefGroup = DBBBE894230D4E5800F03FC6 /* Products */;
			projectDirPath = "";
			projectRoot = "";
			targets = (
				DBBBE892230D4E5800F03FC6 /* TableViewAssignment */,
			);
		};
/* End PBXProject section */

/* Begin PBXResourcesBuildPhase section */
		DBBBE891230D4E5800F03FC6 /* Resources */ = {
			isa = PBXResourcesBuildPhase;
			buildActionMask = 2147483647;
			files = (
				DBBBE8A1230D4E5A00F03FC6 /* LaunchScreen.storyboard in Resources */,
				DBBBE89E230D4E5A00F03FC6 /* Assets.xcassets in Resources */,
				DBBBE8B2230D58C500F03FC6 /* Ti9TableViewCell.xib in Resources */,
				DBBBE89C230D4E5800F03FC6 /* Main.storyboard in Resources */,
			);
			runOnlyForDeploymentPostprocessing = 0;
		};
/* End PBXResourcesBuildPhase section */

/* Begin PBXSourcesBuildPhase section */
		DBBBE88F230D4E5800F03FC6 /* Sources */ = {
			isa = PBXSourcesBuildPhase;
			buildActionMask = 2147483647;
			files = (
				DBBBE899230D4E5800F03FC6 /* ViewController.swift in Sources */,
				DBBBE8B6230E8A3700F03FC6 /* TiDetailViewController.swift in Sources */,
				DBBBE8B1230D58C500F03FC6 /* Ti9TableViewCell.swift in Sources */,
				DBBBE897230D4E5800F03FC6 /* AppDelegate.swift in Sources */,
				DBBBE8BA230E8C1B00F03FC6 /* AppConstants.swift in Sources */,
				DBBBE8B8230E8C0500F03FC6 /* Router.swift in Sources */,
				DBBBE8B4230D600E00F03FC6 /* TiVo.swift in Sources */,
			);
			runOnlyForDeploymentPostprocessing = 0;
		};
/* End PBXSourcesBuildPhase section */

/* Begin PBXVariantGroup section */
		DBBBE89A230D4E5800F03FC6 /* Main.storyboard */ = {
			isa = PBXVariantGroup;
			children = (
				DBBBE89B230D4E5800F03FC6 /* Base */,
			);
			name = Main.storyboard;
			sourceTree = "<group>";
		};
		DBBBE89F230D4E5A00F03FC6 /* LaunchScreen.storyboard */ = {
			isa = PBXVariantGroup;
			children = (
				DBBBE8A0230D4E5A00F03FC6 /* Base */,
			);
			name = LaunchScreen.storyboard;
			sourceTree = "<group>";
		};
/* End PBXVariantGroup section */

/* Begin XCBuildConfiguration section */
		DBBBE8A3230D4E5A00F03FC6 /* Debug */ = {
			isa = XCBuildConfiguration;
			buildSettings = {
				ALWAYS_SEARCH_USER_PATHS = NO;
				CLANG_ANALYZER_NONNULL = YES;
				CLANG_ANALYZER_NUMBER_OBJECT_CONVERSION = YES_AGGRESSIVE;
				CLANG_CXX_LANGUAGE_STANDARD = "gnu++14";
				CLANG_CXX_LIBRARY = "libc++";
				CLANG_ENABLE_MODULES = YES;
				CLANG_ENABLE_OBJC_ARC = YES;
				CLANG_ENABLE_OBJC_WEAK = YES;
				CLANG_WARN_BLOCK_CAPTURE_AUTORELEASING = YES;
				CLANG_WARN_BOOL_CONVERSION = YES;
				CLANG_WARN_COMMA = YES;
				CLANG_WARN_CONSTANT_CONVERSION = YES;
				CLANG_WARN_DEPRECATED_OBJC_IMPLEMENTATIONS = YES;
				CLANG_WARN_DIRECT_OBJC_ISA_USAGE = YES_ERROR;
				CLANG_WARN_DOCUMENTATION_COMMENTS = YES;
				CLANG_WARN_EMPTY_BODY = YES;
				CLANG_WARN_ENUM_CONVERSION = YES;
				CLANG_WARN_INFINITE_RECURSION = YES;
				CLANG_WARN_INT_CONVERSION = YES;
				CLANG_WARN_NON_LITERAL_NULL_CONVERSION = YES;
				CLANG_WARN_OBJC_IMPLICIT_RETAIN_SELF = YES;
				CLANG_WARN_OBJC_LITERAL_CONVERSION = YES;
				CLANG_WARN_OBJC_ROOT_CLASS = YES_ERROR;
				CLANG_WARN_RANGE_LOOP_ANALYSIS = YES;
				CLANG_WARN_STRICT_PROTOTYPES = YES;
				CLANG_WARN_SUSPICIOUS_MOVE = YES;
				CLANG_WARN_UNGUARDED_AVAILABILITY = YES_AGGRESSIVE;
				CLANG_WARN_UNREACHABLE_CODE = YES;
				CLANG_WARN__DUPLICATE_METHOD_MATCH = YES;
				CODE_SIGN_IDENTITY = "iPhone Developer";
				COPY_PHASE_STRIP = NO;
				DEBUG_INFORMATION_FORMAT = dwarf;
				ENABLE_STRICT_OBJC_MSGSEND = YES;
				ENABLE_TESTABILITY = YES;
				GCC_C_LANGUAGE_STANDARD = gnu11;
				GCC_DYNAMIC_NO_PIC = NO;
				GCC_NO_COMMON_BLOCKS = YES;
				GCC_OPTIMIZATION_LEVEL = 0;
				GCC_PREPROCESSOR_DEFINITIONS = (
					"DEBUG=1",
					"$(inherited)",
				);
				GCC_WARN_64_TO_32_BIT_CONVERSION = YES;
				GCC_WARN_ABOUT_RETURN_TYPE = YES_ERROR;
				GCC_WARN_UNDECLARED_SELECTOR = YES;
				GCC_WARN_UNINITIALIZED_AUTOS = YES_AGGRESSIVE;
				GCC_WARN_UNUSED_FUNCTION = YES;
				GCC_WARN_UNUSED_VARIABLE = YES;
				IPHONEOS_DEPLOYMENT_TARGET = 12.4;
				MTL_ENABLE_DEBUG_INFO = INCLUDE_SOURCE;
				MTL_FAST_MATH = YES;
				ONLY_ACTIVE_ARCH = YES;
				SDKROOT = iphoneos;
				SWIFT_ACTIVE_COMPILATION_CONDITIONS = DEBUG;
				SWIFT_OPTIMIZATION_LEVEL = "-Onone";
			};
			name = Debug;
		};
		DBBBE8A4230D4E5A00F03FC6 /* Release */ = {
			isa = XCBuildConfiguration;
			buildSettings = {
				ALWAYS_SEARCH_USER_PATHS = NO;
				CLANG_ANALYZER_NONNULL = YES;
				CLANG_ANALYZER_NUMBER_OBJECT_CONVERSION = YES_AGGRESSIVE;
				CLANG_CXX_LANGUAGE_STANDARD = "gnu++14";
				CLANG_CXX_LIBRARY = "libc++";
				CLANG_ENABLE_MODULES = YES;
				CLANG_ENABLE_OBJC_ARC = YES;
				CLANG_ENABLE_OBJC_WEAK = YES;
				CLANG_WARN_BLOCK_CAPTURE_AUTORELEASING = YES;
				CLANG_WARN_BOOL_CONVERSION = YES;
				CLANG_WARN_COMMA = YES;
				CLANG_WARN_CONSTANT_CONVERSION = YES;
				CLANG_WARN_DEPRECATED_OBJC_IMPLEMENTATIONS = YES;
				CLANG_WARN_DIRECT_OBJC_ISA_USAGE = YES_ERROR;
				CLANG_WARN_DOCUMENTATION_COMMENTS = YES;
				CLANG_WARN_EMPTY_BODY = YES;
				CLANG_WARN_ENUM_CONVERSION = YES;
				CLANG_WARN_INFINITE_RECURSION = YES;
				CLANG_WARN_INT_CONVERSION = YES;
				CLANG_WARN_NON_LITERAL_NULL_CONVERSION = YES;
				CLANG_WARN_OBJC_IMPLICIT_RETAIN_SELF = YES;
				CLANG_WARN_OBJC_LITERAL_CONVERSION = YES;
				CLANG_WARN_OBJC_ROOT_CLASS = YES_ERROR;
				CLANG_WARN_RANGE_LOOP_ANALYSIS = YES;
				CLANG_WARN_STRICT_PROTOTYPES = YES;
				CLANG_WARN_SUSPICIOUS_MOVE = YES;
				CLANG_WARN_UNGUARDED_AVAILABILITY = YES_AGGRESSIVE;
				CLANG_WARN_UNREACHABLE_CODE = YES;
				CLANG_WARN__DUPLICATE_METHOD_MATCH = YES;
				CODE_SIGN_IDENTITY = "iPhone Developer";
				COPY_PHASE_STRIP = NO;
				DEBUG_INFORMATION_FORMAT = "dwarf-with-dsym";
				ENABLE_NS_ASSERTIONS = NO;
				ENABLE_STRICT_OBJC_MSGSEND = YES;
				GCC_C_LANGUAGE_STANDARD = gnu11;
				GCC_NO_COMMON_BLOCKS = YES;
				GCC_WARN_64_TO_32_BIT_CONVERSION = YES;
				GCC_WARN_ABOUT_RETURN_TYPE = YES_ERROR;
				GCC_WARN_UNDECLARED_SELECTOR = YES;
				GCC_WARN_UNINITIALIZED_AUTOS = YES_AGGRESSIVE;
				GCC_WARN_UNUSED_FUNCTION = YES;
				GCC_WARN_UNUSED_VARIABLE = YES;
				IPHONEOS_DEPLOYMENT_TARGET = 12.4;
				MTL_ENABLE_DEBUG_INFO = NO;
				MTL_FAST_MATH = YES;
				SDKROOT = iphoneos;
				SWIFT_COMPILATION_MODE = wholemodule;
				SWIFT_OPTIMIZATION_LEVEL = "-O";
				VALIDATE_PRODUCT = YES;
			};
			name = Release;
		};
		DBBBE8A6230D4E5A00F03FC6 /* Debug */ = {
			isa = XCBuildConfiguration;
			buildSettings = {
				ASSETCATALOG_COMPILER_APPICON_NAME = AppIcon;
				CODE_SIGN_STYLE = Automatic;
				INFOPLIST_FILE = TableViewAssignment/Info.plist;
				LD_RUNPATH_SEARCH_PATHS = (
					"$(inherited)",
					"@executable_path/Frameworks",
				);
				PRODUCT_BUNDLE_IDENTIFIER = com.padc.TableViewAssignment;
				PRODUCT_NAME = "$(TARGET_NAME)";
				SWIFT_VERSION = 5.0;
				TARGETED_DEVICE_FAMILY = "1,2";
			};
			name = Debug;
		};
		DBBBE8A7230D4E5A00F03FC6 /* Release */ = {
			isa = XCBuildConfiguration;
			buildSettings = {
				ASSETCATALOG_COMPILER_APPICON_NAME = AppIcon;
				CODE_SIGN_STYLE = Automatic;
				INFOPLIST_FILE = TableViewAssignment/Info.plist;
				LD_RUNPATH_SEARCH_PATHS = (
					"$(inherited)",
					"@executable_path/Frameworks",
				);
				PRODUCT_BUNDLE_IDENTIFIER = com.padc.TableViewAssignment;
				PRODUCT_NAME = "$(TARGET_NAME)";
				SWIFT_VERSION = 5.0;
				TARGETED_DEVICE_FAMILY = "1,2";
			};
			name = Release;
		};
/* End XCBuildConfiguration section */

/* Begin XCConfigurationList section */
		DBBBE88E230D4E5800F03FC6 /* Build configuration list for PBXProject "TableViewAssignment" */ = {
			isa = XCConfigurationList;
			buildConfigurations = (
				DBBBE8A3230D4E5A00F03FC6 /* Debug */,
				DBBBE8A4230D4E5A00F03FC6 /* Release */,
			);
			defaultConfigurationIsVisible = 0;
			defaultConfigurationName = Release;
		};
		DBBBE8A5230D4E5A00F03FC6 /* Build configuration list for PBXNativeTarget "TableViewAssignment" */ = {
			isa = XCConfigurationList;
			buildConfigurations = (
				DBBBE8A6230D4E5A00F03FC6 /* Debug */,
				DBBBE8A7230D4E5A00F03FC6 /* Release */,
			);
			defaultConfigurationIsVisible = 0;
			defaultConfigurationName = Release;
		};
/* End XCConfigurationList section */
	};
	rootObject = DBBBE88B230D4E5800F03FC6 /* Project object */;
}
